// !$*UTF8*$!
{
	archiveVersion = 1;
	classes = {
	};
	objectVersion = 56;
	objects = {

/* Begin PBXBuildFile section */
		5651E61A2BBBE40600A6C8F9 /* NetworkingError.swift in Sources */ = {isa = PBXBuildFile; fileRef = 5651E6192BBBE40600A6C8F9 /* NetworkingError.swift */; };
		5656CED12B8B4D14003E0A57 /* MobileAndonApp.swift in Sources */ = {isa = PBXBuildFile; fileRef = 5656CED02B8B4D14003E0A57 /* MobileAndonApp.swift */; };
		5656CED32B8B4D14003E0A57 /* ContentView.swift in Sources */ = {isa = PBXBuildFile; fileRef = 5656CED22B8B4D14003E0A57 /* ContentView.swift */; };
		5656CED52B8B4D15003E0A57 /* Assets.xcassets in Resources */ = {isa = PBXBuildFile; fileRef = 5656CED42B8B4D15003E0A57 /* Assets.xcassets */; };
		5656CED82B8B4D15003E0A57 /* Preview Assets.xcassets in Resources */ = {isa = PBXBuildFile; fileRef = 5656CED72B8B4D15003E0A57 /* Preview Assets.xcassets */; };
		5656CEEE2B8B4E6F003E0A57 /* ContentViewModel.swift in Sources */ = {isa = PBXBuildFile; fileRef = 5656CEED2B8B4E6F003E0A57 /* ContentViewModel.swift */; };
		5656CEF02B8B4E96003E0A57 /* MainTabbarView.swift in Sources */ = {isa = PBXBuildFile; fileRef = 5656CEEF2B8B4E96003E0A57 /* MainTabbarView.swift */; };
		5656CF0A2B8B56C8003E0A57 /* AuthService.swift in Sources */ = {isa = PBXBuildFile; fileRef = 5656CF092B8B56C8003E0A57 /* AuthService.swift */; };
		5656CF0F2B8B6036003E0A57 /* HomeView.swift in Sources */ = {isa = PBXBuildFile; fileRef = 5656CF0E2B8B6036003E0A57 /* HomeView.swift */; };
		5656CF122B8B60EC003E0A57 /* TicketHistory.swift in Sources */ = {isa = PBXBuildFile; fileRef = 5656CF112B8B60EC003E0A57 /* TicketHistory.swift */; };
		5656CF1A2B8B6138003E0A57 /* ProfileView.swift in Sources */ = {isa = PBXBuildFile; fileRef = 5656CF192B8B6138003E0A57 /* ProfileView.swift */; };
		5656CF1E2B8B616C003E0A57 /* ChatView.swift in Sources */ = {isa = PBXBuildFile; fileRef = 5656CF1D2B8B616C003E0A57 /* ChatView.swift */; };
		5656CF202B8BBEF1003E0A57 /* User.swift in Sources */ = {isa = PBXBuildFile; fileRef = 5656CF1F2B8BBEF1003E0A57 /* User.swift */; };
		5656CF2C2B8BC0EB003E0A57 /* AuthHeaderView.swift in Sources */ = {isa = PBXBuildFile; fileRef = 5656CF2B2B8BC0EB003E0A57 /* AuthHeaderView.swift */; };
		5656CF322B8BC1B2003E0A57 /* RegisterView.swift in Sources */ = {isa = PBXBuildFile; fileRef = 5656CF312B8BC1B2003E0A57 /* RegisterView.swift */; };
		5656CF342B8BC1B9003E0A57 /* LoginView.swift in Sources */ = {isa = PBXBuildFile; fileRef = 5656CF332B8BC1B9003E0A57 /* LoginView.swift */; };
		5656CF362B8C8F67003E0A57 /* AMTextField.swift in Sources */ = {isa = PBXBuildFile; fileRef = 5656CF352B8C8F67003E0A57 /* AMTextField.swift */; };
		5656CF382B8C930C003E0A57 /* LoginViewModel.swift in Sources */ = {isa = PBXBuildFile; fileRef = 5656CF372B8C930C003E0A57 /* LoginViewModel.swift */; };
		5656CF3A2B8C946E003E0A57 /* AMPrimaryButton.swift in Sources */ = {isa = PBXBuildFile; fileRef = 5656CF392B8C946E003E0A57 /* AMPrimaryButton.swift */; };
		5656CF3C2B8C9C50003E0A57 /* RegisterViewModel.swift in Sources */ = {isa = PBXBuildFile; fileRef = 5656CF3B2B8C9C50003E0A57 /* RegisterViewModel.swift */; };
		5656CF402B8D9D00003E0A57 /* UserService.swift in Sources */ = {isa = PBXBuildFile; fileRef = 5656CF3F2B8D9D00003E0A57 /* UserService.swift */; };
		5656CF422B8DF31D003E0A57 /* HomeViewModel.swift in Sources */ = {isa = PBXBuildFile; fileRef = 5656CF412B8DF31D003E0A57 /* HomeViewModel.swift */; };
		5656CF442B8DF3C8003E0A57 /* TicketStatisticContainer.swift in Sources */ = {isa = PBXBuildFile; fileRef = 5656CF432B8DF3C8003E0A57 /* TicketStatisticContainer.swift */; };
		5656CF462B8DF981003E0A57 /* Ticket.swift in Sources */ = {isa = PBXBuildFile; fileRef = 5656CF452B8DF981003E0A57 /* Ticket.swift */; };
		5656CF482B8DFE20003E0A57 /* TicketCell.swift in Sources */ = {isa = PBXBuildFile; fileRef = 5656CF472B8DFE20003E0A57 /* TicketCell.swift */; };
		569E155F2BA4690500F54A14 /* FirebaseAuth in Frameworks */ = {isa = PBXBuildFile; productRef = 569E155E2BA4690500F54A14 /* FirebaseAuth */; };
		569E15612BA4690500F54A14 /* FirebaseFirestore in Frameworks */ = {isa = PBXBuildFile; productRef = 569E15602BA4690500F54A14 /* FirebaseFirestore */; };
		569E15632BA4690500F54A14 /* FirebaseFirestoreSwift in Frameworks */ = {isa = PBXBuildFile; productRef = 569E15622BA4690500F54A14 /* FirebaseFirestoreSwift */; };
		569E15652BA469CD00F54A14 /* GoogleService-Info.plist in Resources */ = {isa = PBXBuildFile; fileRef = 569E15642BA469CD00F54A14 /* GoogleService-Info.plist */; };
		569E15672BA469E400F54A14 /* FirebaseAnalytics in Frameworks */ = {isa = PBXBuildFile; productRef = 569E15662BA469E400F54A14 /* FirebaseAnalytics */; };
		56ABC6DE2B9063A2006F99F2 /* TicketDetailCell.swift in Sources */ = {isa = PBXBuildFile; fileRef = 56ABC6DD2B9063A2006F99F2 /* TicketDetailCell.swift */; };
		56AEE08B2B91DA9C00467886 /* AMSecondaryButton.swift in Sources */ = {isa = PBXBuildFile; fileRef = 56AEE08A2B91DA9C00467886 /* AMSecondaryButton.swift */; };
		56DA75E02B945899004FB947 /* TicketDetailViewModel.swift in Sources */ = {isa = PBXBuildFile; fileRef = 56DA75DF2B945899004FB947 /* TicketDetailViewModel.swift */; };
		56DA75E22B95A507004FB947 /* TicketService.swift in Sources */ = {isa = PBXBuildFile; fileRef = 56DA75E12B95A507004FB947 /* TicketService.swift */; };
		56DA75E42B95C4E9004FB947 /* Timestamp+Ext.swift in Sources */ = {isa = PBXBuildFile; fileRef = 56DA75E32B95C4E9004FB947 /* Timestamp+Ext.swift */; };
		56E5094E2B8F244F00845095 /* TicketDetailView.swift in Sources */ = {isa = PBXBuildFile; fileRef = 56E5094D2B8F244F00845095 /* TicketDetailView.swift */; };
		56E509532B8F3F6700845095 /* AddTicketView.swift in Sources */ = {isa = PBXBuildFile; fileRef = 56E509522B8F3F6700845095 /* AddTicketView.swift */; };
		56E509552B8F3F7000845095 /* AddTicketViewModel.swift in Sources */ = {isa = PBXBuildFile; fileRef = 56E509542B8F3F7000845095 /* AddTicketViewModel.swift */; };
		56FE4A862B96CDA7004B144B /* ProfileViewModel.swift in Sources */ = {isa = PBXBuildFile; fileRef = 56FE4A852B96CDA7004B144B /* ProfileViewModel.swift */; };
		56FE4A882B96D588004B144B /* AMCircularProfileImage.swift in Sources */ = {isa = PBXBuildFile; fileRef = 56FE4A872B96D588004B144B /* AMCircularProfileImage.swift */; };
		56FE4A8D2B96FF91004B144B /* ProfileImageSize.swift in Sources */ = {isa = PBXBuildFile; fileRef = 56FE4A8C2B96FF91004B144B /* ProfileImageSize.swift */; };
		56FE4A8F2B97022D004B144B /* ProfileListOption.swift in Sources */ = {isa = PBXBuildFile; fileRef = 56FE4A8E2B97022D004B144B /* ProfileListOption.swift */; };
		678056FAB7391FE274E8FA78 /* Pods_MobileAndon.framework in Frameworks */ = {isa = PBXBuildFile; fileRef = FC426CB8D571CD07F868A5D4 /* Pods_MobileAndon.framework */; };
/* End PBXBuildFile section */

/* Begin PBXFileReference section */
		29D78E7C3CC20E5A4792397B /* Pods-MobileAndon.debug.xcconfig */ = {isa = PBXFileReference; includeInIndex = 1; lastKnownFileType = text.xcconfig; name = "Pods-MobileAndon.debug.xcconfig"; path = "Target Support Files/Pods-MobileAndon/Pods-MobileAndon.debug.xcconfig"; sourceTree = "<group>"; };
		5651E6192BBBE40600A6C8F9 /* NetworkingError.swift */ = {isa = PBXFileReference; lastKnownFileType = sourcecode.swift; path = NetworkingError.swift; sourceTree = "<group>"; };
		5656CECD2B8B4D14003E0A57 /* MobileAndon.app */ = {isa = PBXFileReference; explicitFileType = wrapper.application; includeInIndex = 0; path = MobileAndon.app; sourceTree = BUILT_PRODUCTS_DIR; };
		5656CED02B8B4D14003E0A57 /* MobileAndonApp.swift */ = {isa = PBXFileReference; lastKnownFileType = sourcecode.swift; path = MobileAndonApp.swift; sourceTree = "<group>"; };
		5656CED22B8B4D14003E0A57 /* ContentView.swift */ = {isa = PBXFileReference; lastKnownFileType = sourcecode.swift; path = ContentView.swift; sourceTree = "<group>"; };
		5656CED42B8B4D15003E0A57 /* Assets.xcassets */ = {isa = PBXFileReference; lastKnownFileType = folder.assetcatalog; path = Assets.xcassets; sourceTree = "<group>"; };
		5656CED72B8B4D15003E0A57 /* Preview Assets.xcassets */ = {isa = PBXFileReference; lastKnownFileType = folder.assetcatalog; path = "Preview Assets.xcassets"; sourceTree = "<group>"; };
		5656CEED2B8B4E6F003E0A57 /* ContentViewModel.swift */ = {isa = PBXFileReference; lastKnownFileType = sourcecode.swift; path = ContentViewModel.swift; sourceTree = "<group>"; };
		5656CEEF2B8B4E96003E0A57 /* MainTabbarView.swift */ = {isa = PBXFileReference; lastKnownFileType = sourcecode.swift; path = MainTabbarView.swift; sourceTree = "<group>"; };
		5656CF092B8B56C8003E0A57 /* AuthService.swift */ = {isa = PBXFileReference; lastKnownFileType = sourcecode.swift; path = AuthService.swift; sourceTree = "<group>"; };
		5656CF0E2B8B6036003E0A57 /* HomeView.swift */ = {isa = PBXFileReference; lastKnownFileType = sourcecode.swift; path = HomeView.swift; sourceTree = "<group>"; };
		5656CF112B8B60EC003E0A57 /* TicketHistory.swift */ = {isa = PBXFileReference; lastKnownFileType = sourcecode.swift; path = TicketHistory.swift; sourceTree = "<group>"; };
		5656CF192B8B6138003E0A57 /* ProfileView.swift */ = {isa = PBXFileReference; lastKnownFileType = sourcecode.swift; path = ProfileView.swift; sourceTree = "<group>"; };
		5656CF1D2B8B616C003E0A57 /* ChatView.swift */ = {isa = PBXFileReference; lastKnownFileType = sourcecode.swift; path = ChatView.swift; sourceTree = "<group>"; };
		5656CF1F2B8BBEF1003E0A57 /* User.swift */ = {isa = PBXFileReference; lastKnownFileType = sourcecode.swift; path = User.swift; sourceTree = "<group>"; };
		5656CF2B2B8BC0EB003E0A57 /* AuthHeaderView.swift */ = {isa = PBXFileReference; lastKnownFileType = sourcecode.swift; path = AuthHeaderView.swift; sourceTree = "<group>"; };
		5656CF312B8BC1B2003E0A57 /* RegisterView.swift */ = {isa = PBXFileReference; lastKnownFileType = sourcecode.swift; path = RegisterView.swift; sourceTree = "<group>"; };
		5656CF332B8BC1B9003E0A57 /* LoginView.swift */ = {isa = PBXFileReference; lastKnownFileType = sourcecode.swift; path = LoginView.swift; sourceTree = "<group>"; };
		5656CF352B8C8F67003E0A57 /* AMTextField.swift */ = {isa = PBXFileReference; lastKnownFileType = sourcecode.swift; path = AMTextField.swift; sourceTree = "<group>"; };
		5656CF372B8C930C003E0A57 /* LoginViewModel.swift */ = {isa = PBXFileReference; lastKnownFileType = sourcecode.swift; path = LoginViewModel.swift; sourceTree = "<group>"; };
		5656CF392B8C946E003E0A57 /* AMPrimaryButton.swift */ = {isa = PBXFileReference; lastKnownFileType = sourcecode.swift; path = AMPrimaryButton.swift; sourceTree = "<group>"; };
		5656CF3B2B8C9C50003E0A57 /* RegisterViewModel.swift */ = {isa = PBXFileReference; lastKnownFileType = sourcecode.swift; path = RegisterViewModel.swift; sourceTree = "<group>"; };
		5656CF3F2B8D9D00003E0A57 /* UserService.swift */ = {isa = PBXFileReference; lastKnownFileType = sourcecode.swift; path = UserService.swift; sourceTree = "<group>"; };
		5656CF412B8DF31D003E0A57 /* HomeViewModel.swift */ = {isa = PBXFileReference; lastKnownFileType = sourcecode.swift; path = HomeViewModel.swift; sourceTree = "<group>"; };
		5656CF432B8DF3C8003E0A57 /* TicketStatisticContainer.swift */ = {isa = PBXFileReference; lastKnownFileType = sourcecode.swift; path = TicketStatisticContainer.swift; sourceTree = "<group>"; };
		5656CF452B8DF981003E0A57 /* Ticket.swift */ = {isa = PBXFileReference; lastKnownFileType = sourcecode.swift; path = Ticket.swift; sourceTree = "<group>"; };
		5656CF472B8DFE20003E0A57 /* TicketCell.swift */ = {isa = PBXFileReference; lastKnownFileType = sourcecode.swift; path = TicketCell.swift; sourceTree = "<group>"; };
		569E15642BA469CD00F54A14 /* GoogleService-Info.plist */ = {isa = PBXFileReference; fileEncoding = 4; lastKnownFileType = text.plist.xml; path = "GoogleService-Info.plist"; sourceTree = "<group>"; };
		56ABC6DD2B9063A2006F99F2 /* TicketDetailCell.swift */ = {isa = PBXFileReference; lastKnownFileType = sourcecode.swift; path = TicketDetailCell.swift; sourceTree = "<group>"; };
		56AEE08A2B91DA9C00467886 /* AMSecondaryButton.swift */ = {isa = PBXFileReference; lastKnownFileType = sourcecode.swift; path = AMSecondaryButton.swift; sourceTree = "<group>"; };
		56DA75DF2B945899004FB947 /* TicketDetailViewModel.swift */ = {isa = PBXFileReference; lastKnownFileType = sourcecode.swift; path = TicketDetailViewModel.swift; sourceTree = "<group>"; };
		56DA75E12B95A507004FB947 /* TicketService.swift */ = {isa = PBXFileReference; lastKnownFileType = sourcecode.swift; path = TicketService.swift; sourceTree = "<group>"; };
		56DA75E32B95C4E9004FB947 /* Timestamp+Ext.swift */ = {isa = PBXFileReference; lastKnownFileType = sourcecode.swift; path = "Timestamp+Ext.swift"; sourceTree = "<group>"; };
		56E5094D2B8F244F00845095 /* TicketDetailView.swift */ = {isa = PBXFileReference; lastKnownFileType = sourcecode.swift; path = TicketDetailView.swift; sourceTree = "<group>"; };
		56E509522B8F3F6700845095 /* AddTicketView.swift */ = {isa = PBXFileReference; lastKnownFileType = sourcecode.swift; path = AddTicketView.swift; sourceTree = "<group>"; };
		56E509542B8F3F7000845095 /* AddTicketViewModel.swift */ = {isa = PBXFileReference; lastKnownFileType = sourcecode.swift; path = AddTicketViewModel.swift; sourceTree = "<group>"; };
		56FE4A852B96CDA7004B144B /* ProfileViewModel.swift */ = {isa = PBXFileReference; lastKnownFileType = sourcecode.swift; path = ProfileViewModel.swift; sourceTree = "<group>"; };
		56FE4A872B96D588004B144B /* AMCircularProfileImage.swift */ = {isa = PBXFileReference; lastKnownFileType = sourcecode.swift; path = AMCircularProfileImage.swift; sourceTree = "<group>"; };
		56FE4A8C2B96FF91004B144B /* ProfileImageSize.swift */ = {isa = PBXFileReference; lastKnownFileType = sourcecode.swift; path = ProfileImageSize.swift; sourceTree = "<group>"; };
		56FE4A8E2B97022D004B144B /* ProfileListOption.swift */ = {isa = PBXFileReference; lastKnownFileType = sourcecode.swift; path = ProfileListOption.swift; sourceTree = "<group>"; };
		D4E59394F831884DB65B58A3 /* Pods-MobileAndon.release.xcconfig */ = {isa = PBXFileReference; includeInIndex = 1; lastKnownFileType = text.xcconfig; name = "Pods-MobileAndon.release.xcconfig"; path = "Target Support Files/Pods-MobileAndon/Pods-MobileAndon.release.xcconfig"; sourceTree = "<group>"; };
		FC426CB8D571CD07F868A5D4 /* Pods_MobileAndon.framework */ = {isa = PBXFileReference; explicitFileType = wrapper.framework; includeInIndex = 0; path = Pods_MobileAndon.framework; sourceTree = BUILT_PRODUCTS_DIR; };
/* End PBXFileReference section */

/* Begin PBXFrameworksBuildPhase section */
		5656CECA2B8B4D14003E0A57 /* Frameworks */ = {
			isa = PBXFrameworksBuildPhase;
			buildActionMask = 2147483647;
			files = (
				678056FAB7391FE274E8FA78 /* Pods_MobileAndon.framework in Frameworks */,
				569E155F2BA4690500F54A14 /* FirebaseAuth in Frameworks */,
				569E15612BA4690500F54A14 /* FirebaseFirestore in Frameworks */,
				569E15672BA469E400F54A14 /* FirebaseAnalytics in Frameworks */,
				569E15632BA4690500F54A14 /* FirebaseFirestoreSwift in Frameworks */,
			);
			runOnlyForDeploymentPostprocessing = 0;
		};
/* End PBXFrameworksBuildPhase section */

/* Begin PBXGroup section */
		5656CEC42B8B4D14003E0A57 = {
			isa = PBXGroup;
			children = (
				5656CECF2B8B4D14003E0A57 /* MobileAndon */,
				5656CECE2B8B4D14003E0A57 /* Products */,
				AE271867A0B7860E9A2571E7 /* Pods */,
				B1D953F153A0D524D3750111 /* Frameworks */,
			);
			sourceTree = "<group>";
		};
		5656CECE2B8B4D14003E0A57 /* Products */ = {
			isa = PBXGroup;
			children = (
				5656CECD2B8B4D14003E0A57 /* MobileAndon.app */,
			);
			name = Products;
			sourceTree = "<group>";
		};
		5656CECF2B8B4D14003E0A57 /* MobileAndon */ = {
			isa = PBXGroup;
			children = (
				5656CEDE2B8B4D24003E0A57 /* App */,
				56FE4A8B2B96FF7E004B144B /* Constants */,
				5656CEDF2B8B4D30003E0A57 /* Core */,
				5656CEE02B8B4D36003E0A57 /* Extension */,
				5656CEE12B8B4D3E003E0A57 /* Model */,
				5656CEE22B8B4D46003E0A57 /* Services */,
				5656CEE32B8B4D4F003E0A57 /* Utilities */,
				5656CED42B8B4D15003E0A57 /* Assets.xcassets */,
				569E15642BA469CD00F54A14 /* GoogleService-Info.plist */,
				5656CED62B8B4D15003E0A57 /* Preview Content */,
			);
			path = MobileAndon;
			sourceTree = "<group>";
		};
		5656CED62B8B4D15003E0A57 /* Preview Content */ = {
			isa = PBXGroup;
			children = (
				5656CED72B8B4D15003E0A57 /* Preview Assets.xcassets */,
			);
			path = "Preview Content";
			sourceTree = "<group>";
		};
		5656CEDE2B8B4D24003E0A57 /* App */ = {
			isa = PBXGroup;
			children = (
				5656CED02B8B4D14003E0A57 /* MobileAndonApp.swift */,
			);
			path = App;
			sourceTree = "<group>";
		};
		5656CEDF2B8B4D30003E0A57 /* Core */ = {
			isa = PBXGroup;
			children = (
				56E5094F2B8F3F3700845095 /* AddNewTicket */,
				5656CEE62B8B4DAE003E0A57 /* Authentication */,
				5656CEF12B8B4EDD003E0A57 /* Components */,
				5656CF152B8B611F003E0A57 /* Chat */,
				5656CF0B2B8B5F6C003E0A57 /* Home */,
				5656CF162B8B6125003E0A57 /* Profile */,
				5656CEE52B8B4DA9003E0A57 /* Root */,
				5656CEE42B8B4D9F003E0A57 /* Tabbar */,
				56E5094A2B8F242700845095 /* TicketDetail */,
				5656CF102B8B60DB003E0A57 /* TicketHistory */,
			);
			path = Core;
			sourceTree = "<group>";
		};
		5656CEE02B8B4D36003E0A57 /* Extension */ = {
			isa = PBXGroup;
			children = (
				56DA75E32B95C4E9004FB947 /* Timestamp+Ext.swift */,
			);
			path = Extension;
			sourceTree = "<group>";
		};
		5656CEE12B8B4D3E003E0A57 /* Model */ = {
			isa = PBXGroup;
			children = (
				5656CF1F2B8BBEF1003E0A57 /* User.swift */,
				5656CF452B8DF981003E0A57 /* Ticket.swift */,
				56FE4A8E2B97022D004B144B /* ProfileListOption.swift */,
			);
			path = Model;
			sourceTree = "<group>";
		};
		5656CEE22B8B4D46003E0A57 /* Services */ = {
			isa = PBXGroup;
			children = (
				5656CF092B8B56C8003E0A57 /* AuthService.swift */,
				5656CF3F2B8D9D00003E0A57 /* UserService.swift */,
				56DA75E12B95A507004FB947 /* TicketService.swift */,
			);
			path = Services;
			sourceTree = "<group>";
		};
		5656CEE32B8B4D4F003E0A57 /* Utilities */ = {
			isa = PBXGroup;
			children = (
			);
			path = Utilities;
			sourceTree = "<group>";
		};
		5656CEE42B8B4D9F003E0A57 /* Tabbar */ = {
			isa = PBXGroup;
			children = (
				5656CEEF2B8B4E96003E0A57 /* MainTabbarView.swift */,
			);
			path = Tabbar;
			sourceTree = "<group>";
		};
		5656CEE52B8B4DA9003E0A57 /* Root */ = {
			isa = PBXGroup;
			children = (
				5656CEE72B8B4E23003E0A57 /* View */,
				5656CEE82B8B4E29003E0A57 /* ViewModel */,
			);
			path = Root;
			sourceTree = "<group>";
		};
		5656CEE62B8B4DAE003E0A57 /* Authentication */ = {
			isa = PBXGroup;
			children = (
				5656CEF32B8B4EF0003E0A57 /* View */,
				5656CEF22B8B4EE9003E0A57 /* ViewModel */,
			);
			path = Authentication;
			sourceTree = "<group>";
		};
		5656CEE72B8B4E23003E0A57 /* View */ = {
			isa = PBXGroup;
			children = (
				5656CED22B8B4D14003E0A57 /* ContentView.swift */,
			);
			path = View;
			sourceTree = "<group>";
		};
		5656CEE82B8B4E29003E0A57 /* ViewModel */ = {
			isa = PBXGroup;
			children = (
				5656CEED2B8B4E6F003E0A57 /* ContentViewModel.swift */,
			);
			path = ViewModel;
			sourceTree = "<group>";
		};
		5656CEF12B8B4EDD003E0A57 /* Components */ = {
			isa = PBXGroup;
			children = (
				5656CF352B8C8F67003E0A57 /* AMTextField.swift */,
				5656CF392B8C946E003E0A57 /* AMPrimaryButton.swift */,
				56AEE08A2B91DA9C00467886 /* AMSecondaryButton.swift */,
				56FE4A872B96D588004B144B /* AMCircularProfileImage.swift */,
			);
			path = Components;
			sourceTree = "<group>";
		};
		5656CEF22B8B4EE9003E0A57 /* ViewModel */ = {
			isa = PBXGroup;
			children = (
				5656CF372B8C930C003E0A57 /* LoginViewModel.swift */,
				5656CF3B2B8C9C50003E0A57 /* RegisterViewModel.swift */,
			);
			path = ViewModel;
			sourceTree = "<group>";
		};
		5656CEF32B8B4EF0003E0A57 /* View */ = {
			isa = PBXGroup;
			children = (
				5656CF2B2B8BC0EB003E0A57 /* AuthHeaderView.swift */,
				5656CF332B8BC1B9003E0A57 /* LoginView.swift */,
				5656CF312B8BC1B2003E0A57 /* RegisterView.swift */,
			);
			path = View;
			sourceTree = "<group>";
		};
		5656CF0B2B8B5F6C003E0A57 /* Home */ = {
			isa = PBXGroup;
			children = (
				5656CF0D2B8B5F9F003E0A57 /* View */,
				5656CF0C2B8B5F99003E0A57 /* ViewModel */,
			);
			path = Home;
			sourceTree = "<group>";
		};
		5656CF0C2B8B5F99003E0A57 /* ViewModel */ = {
			isa = PBXGroup;
			children = (
				5656CF412B8DF31D003E0A57 /* HomeViewModel.swift */,
			);
			path = ViewModel;
			sourceTree = "<group>";
		};
		5656CF0D2B8B5F9F003E0A57 /* View */ = {
			isa = PBXGroup;
			children = (
				5656CF0E2B8B6036003E0A57 /* HomeView.swift */,
				5656CF432B8DF3C8003E0A57 /* TicketStatisticContainer.swift */,
				5656CF472B8DFE20003E0A57 /* TicketCell.swift */,
			);
			path = View;
			sourceTree = "<group>";
		};
		5656CF102B8B60DB003E0A57 /* TicketHistory */ = {
			isa = PBXGroup;
			children = (
				5656CF132B8B60FD003E0A57 /* View */,
				5656CF142B8B6108003E0A57 /* ViewModel */,
			);
			path = TicketHistory;
			sourceTree = "<group>";
		};
		5656CF132B8B60FD003E0A57 /* View */ = {
			isa = PBXGroup;
			children = (
				5656CF112B8B60EC003E0A57 /* TicketHistory.swift */,
			);
			path = View;
			sourceTree = "<group>";
		};
		5656CF142B8B6108003E0A57 /* ViewModel */ = {
			isa = PBXGroup;
			children = (
			);
			path = ViewModel;
			sourceTree = "<group>";
		};
		5656CF152B8B611F003E0A57 /* Chat */ = {
			isa = PBXGroup;
			children = (
				5656CF1C2B8B6167003E0A57 /* View */,
				5656CF1B2B8B6146003E0A57 /* ViewModel */,
			);
			path = Chat;
			sourceTree = "<group>";
		};
		5656CF162B8B6125003E0A57 /* Profile */ = {
			isa = PBXGroup;
			children = (
				5656CF182B8B6132003E0A57 /* View */,
				5656CF172B8B612D003E0A57 /* ViewModel */,
			);
			path = Profile;
			sourceTree = "<group>";
		};
		5656CF172B8B612D003E0A57 /* ViewModel */ = {
			isa = PBXGroup;
			children = (
				56FE4A852B96CDA7004B144B /* ProfileViewModel.swift */,
			);
			path = ViewModel;
			sourceTree = "<group>";
		};
		5656CF182B8B6132003E0A57 /* View */ = {
			isa = PBXGroup;
			children = (
				5656CF192B8B6138003E0A57 /* ProfileView.swift */,
			);
			path = View;
			sourceTree = "<group>";
		};
		5656CF1B2B8B6146003E0A57 /* ViewModel */ = {
			isa = PBXGroup;
			children = (
			);
			path = ViewModel;
			sourceTree = "<group>";
		};
		5656CF1C2B8B6167003E0A57 /* View */ = {
			isa = PBXGroup;
			children = (
				5656CF1D2B8B616C003E0A57 /* ChatView.swift */,
			);
			path = View;
			sourceTree = "<group>";
		};
		56ABC6DF2B9064C6006F99F2 /* Cell */ = {
			isa = PBXGroup;
			children = (
				56ABC6DD2B9063A2006F99F2 /* TicketDetailCell.swift */,
			);
			path = Cell;
			sourceTree = "<group>";
		};
		56E5094A2B8F242700845095 /* TicketDetail */ = {
			isa = PBXGroup;
			children = (
				56E5094B2B8F243800845095 /* View */,
				56E5094C2B8F243E00845095 /* ViewModel */,
			);
			path = TicketDetail;
			sourceTree = "<group>";
		};
		56E5094B2B8F243800845095 /* View */ = {
			isa = PBXGroup;
			children = (
				56ABC6DF2B9064C6006F99F2 /* Cell */,
				56E5094D2B8F244F00845095 /* TicketDetailView.swift */,
			);
			path = View;
			sourceTree = "<group>";
		};
		56E5094C2B8F243E00845095 /* ViewModel */ = {
			isa = PBXGroup;
			children = (
				56DA75DF2B945899004FB947 /* TicketDetailViewModel.swift */,
			);
			path = ViewModel;
			sourceTree = "<group>";
		};
		56E5094F2B8F3F3700845095 /* AddNewTicket */ = {
			isa = PBXGroup;
			children = (
				56E509502B8F3F4900845095 /* View */,
				56E509512B8F3F4E00845095 /* ViewModel */,
			);
			path = AddNewTicket;
			sourceTree = "<group>";
		};
		56E509502B8F3F4900845095 /* View */ = {
			isa = PBXGroup;
			children = (
				56E509522B8F3F6700845095 /* AddTicketView.swift */,
			);
			path = View;
			sourceTree = "<group>";
		};
		56E509512B8F3F4E00845095 /* ViewModel */ = {
			isa = PBXGroup;
			children = (
				56E509542B8F3F7000845095 /* AddTicketViewModel.swift */,
			);
			path = ViewModel;
			sourceTree = "<group>";
		};
		56FE4A8B2B96FF7E004B144B /* Constants */ = {
			isa = PBXGroup;
			children = (
				56FE4A8C2B96FF91004B144B /* ProfileImageSize.swift */,
				5651E6192BBBE40600A6C8F9 /* NetworkingError.swift */,
			);
			path = Constants;
			sourceTree = "<group>";
		};
		AE271867A0B7860E9A2571E7 /* Pods */ = {
			isa = PBXGroup;
			children = (
				29D78E7C3CC20E5A4792397B /* Pods-MobileAndon.debug.xcconfig */,
				D4E59394F831884DB65B58A3 /* Pods-MobileAndon.release.xcconfig */,
			);
			path = Pods;
			sourceTree = "<group>";
		};
		B1D953F153A0D524D3750111 /* Frameworks */ = {
			isa = PBXGroup;
			children = (
				FC426CB8D571CD07F868A5D4 /* Pods_MobileAndon.framework */,
			);
			name = Frameworks;
			sourceTree = "<group>";
		};
/* End PBXGroup section */

/* Begin PBXNativeTarget section */
		5656CECC2B8B4D14003E0A57 /* MobileAndon */ = {
			isa = PBXNativeTarget;
			buildConfigurationList = 5656CEDB2B8B4D15003E0A57 /* Build configuration list for PBXNativeTarget "MobileAndon" */;
			buildPhases = (
				21ED398C00ACF85AD71EBC9B /* [CP] Check Pods Manifest.lock */,
				5656CEC92B8B4D14003E0A57 /* Sources */,
				5656CECA2B8B4D14003E0A57 /* Frameworks */,
				5656CECB2B8B4D14003E0A57 /* Resources */,
				2252D7ECDB94AF719417473D /* [CP] Embed Pods Frameworks */,
			);
			buildRules = (
			);
			dependencies = (
			);
			name = MobileAndon;
			packageProductDependencies = (
				569E155E2BA4690500F54A14 /* FirebaseAuth */,
				569E15602BA4690500F54A14 /* FirebaseFirestore */,
				569E15622BA4690500F54A14 /* FirebaseFirestoreSwift */,
				569E15662BA469E400F54A14 /* FirebaseAnalytics */,
			);
			productName = MobileAndon;
			productReference = 5656CECD2B8B4D14003E0A57 /* MobileAndon.app */;
			productType = "com.apple.product-type.application";
		};
/* End PBXNativeTarget section */

/* Begin PBXProject section */
		5656CEC52B8B4D14003E0A57 /* Project object */ = {
			isa = PBXProject;
			attributes = {
				BuildIndependentTargetsInParallel = 1;
				LastSwiftUpdateCheck = 1520;
				LastUpgradeCheck = 1520;
				TargetAttributes = {
					5656CECC2B8B4D14003E0A57 = {
						CreatedOnToolsVersion = 15.2;
					};
				};
			};
			buildConfigurationList = 5656CEC82B8B4D14003E0A57 /* Build configuration list for PBXProject "MobileAndon" */;
			compatibilityVersion = "Xcode 14.0";
			developmentRegion = en;
			hasScannedForEncodings = 0;
			knownRegions = (
				en,
				Base,
			);
			mainGroup = 5656CEC42B8B4D14003E0A57;
			packageReferences = (
				569E155D2BA468E300F54A14 /* XCRemoteSwiftPackageReference "firebase-ios-sdk" */,
			);
			productRefGroup = 5656CECE2B8B4D14003E0A57 /* Products */;
			projectDirPath = "";
			projectRoot = "";
			targets = (
				5656CECC2B8B4D14003E0A57 /* MobileAndon */,
			);
		};
/* End PBXProject section */

/* Begin PBXResourcesBuildPhase section */
		5656CECB2B8B4D14003E0A57 /* Resources */ = {
			isa = PBXResourcesBuildPhase;
			buildActionMask = 2147483647;
			files = (
				5656CED82B8B4D15003E0A57 /* Preview Assets.xcassets in Resources */,
				5656CED52B8B4D15003E0A57 /* Assets.xcassets in Resources */,
				569E15652BA469CD00F54A14 /* GoogleService-Info.plist in Resources */,
			);
			runOnlyForDeploymentPostprocessing = 0;
		};
/* End PBXResourcesBuildPhase section */

/* Begin PBXShellScriptBuildPhase section */
		21ED398C00ACF85AD71EBC9B /* [CP] Check Pods Manifest.lock */ = {
			isa = PBXShellScriptBuildPhase;
			buildActionMask = 2147483647;
			files = (
			);
			inputFileListPaths = (
			);
			inputPaths = (
				"${PODS_PODFILE_DIR_PATH}/Podfile.lock",
				"${PODS_ROOT}/Manifest.lock",
			);
			name = "[CP] Check Pods Manifest.lock";
			outputFileListPaths = (
			);
			outputPaths = (
				"$(DERIVED_FILE_DIR)/Pods-MobileAndon-checkManifestLockResult.txt",
			);
			runOnlyForDeploymentPostprocessing = 0;
			shellPath = /bin/sh;
			shellScript = "diff \"${PODS_PODFILE_DIR_PATH}/Podfile.lock\" \"${PODS_ROOT}/Manifest.lock\" > /dev/null\nif [ $? != 0 ] ; then\n    # print error to STDERR\n    echo \"error: The sandbox is not in sync with the Podfile.lock. Run 'pod install' or update your CocoaPods installation.\" >&2\n    exit 1\nfi\n# This output is used by Xcode 'outputs' to avoid re-running this script phase.\necho \"SUCCESS\" > \"${SCRIPT_OUTPUT_FILE_0}\"\n";
			showEnvVarsInLog = 0;
		};
		2252D7ECDB94AF719417473D /* [CP] Embed Pods Frameworks */ = {
			isa = PBXShellScriptBuildPhase;
			buildActionMask = 2147483647;
			files = (
			);
			inputFileListPaths = (
				"${PODS_ROOT}/Target Support Files/Pods-MobileAndon/Pods-MobileAndon-frameworks-${CONFIGURATION}-input-files.xcfilelist",
			);
			name = "[CP] Embed Pods Frameworks";
			outputFileListPaths = (
				"${PODS_ROOT}/Target Support Files/Pods-MobileAndon/Pods-MobileAndon-frameworks-${CONFIGURATION}-output-files.xcfilelist",
			);
			runOnlyForDeploymentPostprocessing = 0;
			shellPath = /bin/sh;
			shellScript = "\"${PODS_ROOT}/Target Support Files/Pods-MobileAndon/Pods-MobileAndon-frameworks.sh\"\n";
			showEnvVarsInLog = 0;
		};
/* End PBXShellScriptBuildPhase section */

/* Begin PBXSourcesBuildPhase section */
		5656CEC92B8B4D14003E0A57 /* Sources */ = {
			isa = PBXSourcesBuildPhase;
			buildActionMask = 2147483647;
			files = (
				5656CF422B8DF31D003E0A57 /* HomeViewModel.swift in Sources */,
				56FE4A8D2B96FF91004B144B /* ProfileImageSize.swift in Sources */,
				56DA75E02B945899004FB947 /* TicketDetailViewModel.swift in Sources */,
				5656CF1A2B8B6138003E0A57 /* ProfileView.swift in Sources */,
				5656CF362B8C8F67003E0A57 /* AMTextField.swift in Sources */,
				56DA75E22B95A507004FB947 /* TicketService.swift in Sources */,
				5656CED32B8B4D14003E0A57 /* ContentView.swift in Sources */,
				5656CF122B8B60EC003E0A57 /* TicketHistory.swift in Sources */,
				5656CF482B8DFE20003E0A57 /* TicketCell.swift in Sources */,
				56E5094E2B8F244F00845095 /* TicketDetailView.swift in Sources */,
				5656CF0F2B8B6036003E0A57 /* HomeView.swift in Sources */,
				5656CF1E2B8B616C003E0A57 /* ChatView.swift in Sources */,
				5656CED12B8B4D14003E0A57 /* MobileAndonApp.swift in Sources */,
				56FE4A862B96CDA7004B144B /* ProfileViewModel.swift in Sources */,
				56E509552B8F3F7000845095 /* AddTicketViewModel.swift in Sources */,
				56AEE08B2B91DA9C00467886 /* AMSecondaryButton.swift in Sources */,
				5656CF442B8DF3C8003E0A57 /* TicketStatisticContainer.swift in Sources */,
				5656CF0A2B8B56C8003E0A57 /* AuthService.swift in Sources */,
				5656CF382B8C930C003E0A57 /* LoginViewModel.swift in Sources */,
				5656CF3C2B8C9C50003E0A57 /* RegisterViewModel.swift in Sources */,
				56DA75E42B95C4E9004FB947 /* Timestamp+Ext.swift in Sources */,
				56E509532B8F3F6700845095 /* AddTicketView.swift in Sources */,
				56ABC6DE2B9063A2006F99F2 /* TicketDetailCell.swift in Sources */,
				5656CEEE2B8B4E6F003E0A57 /* ContentViewModel.swift in Sources */,
				5651E61A2BBBE40600A6C8F9 /* NetworkingError.swift in Sources */,
				5656CF2C2B8BC0EB003E0A57 /* AuthHeaderView.swift in Sources */,
				5656CF462B8DF981003E0A57 /* Ticket.swift in Sources */,
				5656CF402B8D9D00003E0A57 /* UserService.swift in Sources */,
				5656CF322B8BC1B2003E0A57 /* RegisterView.swift in Sources */,
				5656CF342B8BC1B9003E0A57 /* LoginView.swift in Sources */,
				5656CF202B8BBEF1003E0A57 /* User.swift in Sources */,
				5656CF3A2B8C946E003E0A57 /* AMPrimaryButton.swift in Sources */,
				56FE4A882B96D588004B144B /* AMCircularProfileImage.swift in Sources */,
				5656CEF02B8B4E96003E0A57 /* MainTabbarView.swift in Sources */,
				56FE4A8F2B97022D004B144B /* ProfileListOption.swift in Sources */,
			);
			runOnlyForDeploymentPostprocessing = 0;
		};
/* End PBXSourcesBuildPhase section */

/* Begin XCBuildConfiguration section */
		5656CED92B8B4D15003E0A57 /* Debug */ = {
			isa = XCBuildConfiguration;
			buildSettings = {
				ALWAYS_SEARCH_USER_PATHS = NO;
				ASSETCATALOG_COMPILER_GENERATE_SWIFT_ASSET_SYMBOL_EXTENSIONS = YES;
				CLANG_ANALYZER_NONNULL = YES;
				CLANG_ANALYZER_NUMBER_OBJECT_CONVERSION = YES_AGGRESSIVE;
				CLANG_CXX_LANGUAGE_STANDARD = "gnu++20";
				CLANG_ENABLE_MODULES = YES;
				CLANG_ENABLE_OBJC_ARC = YES;
				CLANG_ENABLE_OBJC_WEAK = YES;
				CLANG_WARN_BLOCK_CAPTURE_AUTORELEASING = YES;
				CLANG_WARN_BOOL_CONVERSION = YES;
				CLANG_WARN_COMMA = YES;
				CLANG_WARN_CONSTANT_CONVERSION = YES;
				CLANG_WARN_DEPRECATED_OBJC_IMPLEMENTATIONS = YES;
				CLANG_WARN_DIRECT_OBJC_ISA_USAGE = YES_ERROR;
				CLANG_WARN_DOCUMENTATION_COMMENTS = YES;
				CLANG_WARN_EMPTY_BODY = YES;
				CLANG_WARN_ENUM_CONVERSION = YES;
				CLANG_WARN_INFINITE_RECURSION = YES;
				CLANG_WARN_INT_CONVERSION = YES;
				CLANG_WARN_NON_LITERAL_NULL_CONVERSION = YES;
				CLANG_WARN_OBJC_IMPLICIT_RETAIN_SELF = YES;
				CLANG_WARN_OBJC_LITERAL_CONVERSION = YES;
				CLANG_WARN_OBJC_ROOT_CLASS = YES_ERROR;
				CLANG_WARN_QUOTED_INCLUDE_IN_FRAMEWORK_HEADER = YES;
				CLANG_WARN_RANGE_LOOP_ANALYSIS = YES;
				CLANG_WARN_STRICT_PROTOTYPES = YES;
				CLANG_WARN_SUSPICIOUS_MOVE = YES;
				CLANG_WARN_UNGUARDED_AVAILABILITY = YES_AGGRESSIVE;
				CLANG_WARN_UNREACHABLE_CODE = YES;
				CLANG_WARN__DUPLICATE_METHOD_MATCH = YES;
				COPY_PHASE_STRIP = NO;
				DEBUG_INFORMATION_FORMAT = dwarf;
				ENABLE_STRICT_OBJC_MSGSEND = YES;
				ENABLE_TESTABILITY = YES;
				ENABLE_USER_SCRIPT_SANDBOXING = YES;
				GCC_C_LANGUAGE_STANDARD = gnu17;
				GCC_DYNAMIC_NO_PIC = NO;
				GCC_NO_COMMON_BLOCKS = YES;
				GCC_OPTIMIZATION_LEVEL = 0;
				GCC_PREPROCESSOR_DEFINITIONS = (
					"DEBUG=1",
					"$(inherited)",
				);
				GCC_WARN_64_TO_32_BIT_CONVERSION = YES;
				GCC_WARN_ABOUT_RETURN_TYPE = YES_ERROR;
				GCC_WARN_UNDECLARED_SELECTOR = YES;
				GCC_WARN_UNINITIALIZED_AUTOS = YES_AGGRESSIVE;
				GCC_WARN_UNUSED_FUNCTION = YES;
				GCC_WARN_UNUSED_VARIABLE = YES;
				IPHONEOS_DEPLOYMENT_TARGET = 17.2;
				LOCALIZATION_PREFERS_STRING_CATALOGS = YES;
				MTL_ENABLE_DEBUG_INFO = INCLUDE_SOURCE;
				MTL_FAST_MATH = YES;
				ONLY_ACTIVE_ARCH = YES;
				SDKROOT = iphoneos;
				SWIFT_ACTIVE_COMPILATION_CONDITIONS = "DEBUG $(inherited)";
				SWIFT_OPTIMIZATION_LEVEL = "-Onone";
			};
			name = Debug;
		};
		5656CEDA2B8B4D15003E0A57 /* Release */ = {
			isa = XCBuildConfiguration;
			buildSettings = {
				ALWAYS_SEARCH_USER_PATHS = NO;
				ASSETCATALOG_COMPILER_GENERATE_SWIFT_ASSET_SYMBOL_EXTENSIONS = YES;
				CLANG_ANALYZER_NONNULL = YES;
				CLANG_ANALYZER_NUMBER_OBJECT_CONVERSION = YES_AGGRESSIVE;
				CLANG_CXX_LANGUAGE_STANDARD = "gnu++20";
				CLANG_ENABLE_MODULES = YES;
				CLANG_ENABLE_OBJC_ARC = YES;
				CLANG_ENABLE_OBJC_WEAK = YES;
				CLANG_WARN_BLOCK_CAPTURE_AUTORELEASING = YES;
				CLANG_WARN_BOOL_CONVERSION = YES;
				CLANG_WARN_COMMA = YES;
				CLANG_WARN_CONSTANT_CONVERSION = YES;
				CLANG_WARN_DEPRECATED_OBJC_IMPLEMENTATIONS = YES;
				CLANG_WARN_DIRECT_OBJC_ISA_USAGE = YES_ERROR;
				CLANG_WARN_DOCUMENTATION_COMMENTS = YES;
				CLANG_WARN_EMPTY_BODY = YES;
				CLANG_WARN_ENUM_CONVERSION = YES;
				CLANG_WARN_INFINITE_RECURSION = YES;
				CLANG_WARN_INT_CONVERSION = YES;
				CLANG_WARN_NON_LITERAL_NULL_CONVERSION = YES;
				CLANG_WARN_OBJC_IMPLICIT_RETAIN_SELF = YES;
				CLANG_WARN_OBJC_LITERAL_CONVERSION = YES;
				CLANG_WARN_OBJC_ROOT_CLASS = YES_ERROR;
				CLANG_WARN_QUOTED_INCLUDE_IN_FRAMEWORK_HEADER = YES;
				CLANG_WARN_RANGE_LOOP_ANALYSIS = YES;
				CLANG_WARN_STRICT_PROTOTYPES = YES;
				CLANG_WARN_SUSPICIOUS_MOVE = YES;
				CLANG_WARN_UNGUARDED_AVAILABILITY = YES_AGGRESSIVE;
				CLANG_WARN_UNREACHABLE_CODE = YES;
				CLANG_WARN__DUPLICATE_METHOD_MATCH = YES;
				COPY_PHASE_STRIP = NO;
				DEBUG_INFORMATION_FORMAT = "dwarf-with-dsym";
				ENABLE_NS_ASSERTIONS = NO;
				ENABLE_STRICT_OBJC_MSGSEND = YES;
				ENABLE_USER_SCRIPT_SANDBOXING = YES;
				GCC_C_LANGUAGE_STANDARD = gnu17;
				GCC_NO_COMMON_BLOCKS = YES;
				GCC_WARN_64_TO_32_BIT_CONVERSION = YES;
				GCC_WARN_ABOUT_RETURN_TYPE = YES_ERROR;
				GCC_WARN_UNDECLARED_SELECTOR = YES;
				GCC_WARN_UNINITIALIZED_AUTOS = YES_AGGRESSIVE;
				GCC_WARN_UNUSED_FUNCTION = YES;
				GCC_WARN_UNUSED_VARIABLE = YES;
				IPHONEOS_DEPLOYMENT_TARGET = 17.2;
				LOCALIZATION_PREFERS_STRING_CATALOGS = YES;
				MTL_ENABLE_DEBUG_INFO = NO;
				MTL_FAST_MATH = YES;
				SDKROOT = iphoneos;
				SWIFT_COMPILATION_MODE = wholemodule;
				VALIDATE_PRODUCT = YES;
			};
			name = Release;
		};
		5656CEDC2B8B4D15003E0A57 /* Debug */ = {
			isa = XCBuildConfiguration;
			baseConfigurationReference = 29D78E7C3CC20E5A4792397B /* Pods-MobileAndon.debug.xcconfig */;
			buildSettings = {
				ASSETCATALOG_COMPILER_APPICON_NAME = AppIcon;
				ASSETCATALOG_COMPILER_GLOBAL_ACCENT_COLOR_NAME = AccentColor;
				CODE_SIGN_STYLE = Automatic;
				CURRENT_PROJECT_VERSION = 1;
				DEVELOPMENT_ASSET_PATHS = "\"MobileAndon/Preview Content\"";
				DEVELOPMENT_TEAM = KFD27J2TGQ;
				ENABLE_PREVIEWS = YES;
				ENABLE_USER_SCRIPT_SANDBOXING = NO;
				GENERATE_INFOPLIST_FILE = YES;
				INFOPLIST_KEY_CFBundleDisplayName = "Andon Mobile";
				INFOPLIST_KEY_LSApplicationCategoryType = "public.app-category.productivity";
				INFOPLIST_KEY_UIApplicationSceneManifest_Generation = YES;
				INFOPLIST_KEY_UIApplicationSupportsIndirectInputEvents = YES;
				INFOPLIST_KEY_UILaunchScreen_Generation = YES;
				INFOPLIST_KEY_UISupportedInterfaceOrientations_iPad = "UIInterfaceOrientationPortrait UIInterfaceOrientationPortraitUpsideDown UIInterfaceOrientationLandscapeLeft UIInterfaceOrientationLandscapeRight";
				INFOPLIST_KEY_UISupportedInterfaceOrientations_iPhone = "UIInterfaceOrientationPortrait UIInterfaceOrientationLandscapeLeft UIInterfaceOrientationLandscapeRight";
				IPHONEOS_DEPLOYMENT_TARGET = 17.0;
				LD_RUNPATH_SEARCH_PATHS = (
					"$(inherited)",
					"@executable_path/Frameworks",
				);
				MARKETING_VERSION = 1.0.0;
				PRODUCT_BUNDLE_IDENTIFIER = com.rsilitonga112.MobileAndon;
				PRODUCT_NAME = "$(TARGET_NAME)";
				SWIFT_EMIT_LOC_STRINGS = YES;
				SWIFT_VERSION = 5.0;
				TARGETED_DEVICE_FAMILY = "1,2";
			};
			name = Debug;
		};
		5656CEDD2B8B4D15003E0A57 /* Release */ = {
			isa = XCBuildConfiguration;
			baseConfigurationReference = D4E59394F831884DB65B58A3 /* Pods-MobileAndon.release.xcconfig */;
			buildSettings = {
				ASSETCATALOG_COMPILER_APPICON_NAME = AppIcon;
				ASSETCATALOG_COMPILER_GLOBAL_ACCENT_COLOR_NAME = AccentColor;
				CODE_SIGN_STYLE = Automatic;
				CURRENT_PROJECT_VERSION = 1;
				DEVELOPMENT_ASSET_PATHS = "\"MobileAndon/Preview Content\"";
				DEVELOPMENT_TEAM = KFD27J2TGQ;
				ENABLE_PREVIEWS = YES;
				ENABLE_USER_SCRIPT_SANDBOXING = NO;
				GENERATE_INFOPLIST_FILE = YES;
				INFOPLIST_KEY_CFBundleDisplayName = "Andon Mobile";
				INFOPLIST_KEY_LSApplicationCategoryType = "public.app-category.productivity";
				INFOPLIST_KEY_UIApplicationSceneManifest_Generation = YES;
				INFOPLIST_KEY_UIApplicationSupportsIndirectInputEvents = YES;
				INFOPLIST_KEY_UILaunchScreen_Generation = YES;
				INFOPLIST_KEY_UISupportedInterfaceOrientations_iPad = "UIInterfaceOrientationPortrait UIInterfaceOrientationPortraitUpsideDown UIInterfaceOrientationLandscapeLeft UIInterfaceOrientationLandscapeRight";
				INFOPLIST_KEY_UISupportedInterfaceOrientations_iPhone = "UIInterfaceOrientationPortrait UIInterfaceOrientationLandscapeLeft UIInterfaceOrientationLandscapeRight";
				IPHONEOS_DEPLOYMENT_TARGET = 17.0;
				LD_RUNPATH_SEARCH_PATHS = (
					"$(inherited)",
					"@executable_path/Frameworks",
				);
				MARKETING_VERSION = 1.0.0;
				PRODUCT_BUNDLE_IDENTIFIER = com.rsilitonga112.MobileAndon;
				PRODUCT_NAME = "$(TARGET_NAME)";
				SWIFT_EMIT_LOC_STRINGS = YES;
				SWIFT_VERSION = 5.0;
				TARGETED_DEVICE_FAMILY = "1,2";
			};
			name = Release;
		};
/* End XCBuildConfiguration section */

/* Begin XCConfigurationList section */
		5656CEC82B8B4D14003E0A57 /* Build configuration list for PBXProject "MobileAndon" */ = {
			isa = XCConfigurationList;
			buildConfigurations = (
				5656CED92B8B4D15003E0A57 /* Debug */,
				5656CEDA2B8B4D15003E0A57 /* Release */,
			);
			defaultConfigurationIsVisible = 0;
			defaultConfigurationName = Release;
		};
		5656CEDB2B8B4D15003E0A57 /* Build configuration list for PBXNativeTarget "MobileAndon" */ = {
			isa = XCConfigurationList;
			buildConfigurations = (
				5656CEDC2B8B4D15003E0A57 /* Debug */,
				5656CEDD2B8B4D15003E0A57 /* Release */,
			);
			defaultConfigurationIsVisible = 0;
			defaultConfigurationName = Release;
		};
/* End XCConfigurationList section */

/* Begin XCRemoteSwiftPackageReference section */
		569E155D2BA468E300F54A14 /* XCRemoteSwiftPackageReference "firebase-ios-sdk" */ = {
			isa = XCRemoteSwiftPackageReference;
			repositoryURL = "https://github.com/firebase/firebase-ios-sdk.git";
			requirement = {
				kind = upToNextMajorVersion;
				minimumVersion = 10.22.1;
			};
		};
/* End XCRemoteSwiftPackageReference section */

/* Begin XCSwiftPackageProductDependency section */
		569E155E2BA4690500F54A14 /* FirebaseAuth */ = {
			isa = XCSwiftPackageProductDependency;
			package = 569E155D2BA468E300F54A14 /* XCRemoteSwiftPackageReference "firebase-ios-sdk" */;
			productName = FirebaseAuth;
		};
		569E15602BA4690500F54A14 /* FirebaseFirestore */ = {
			isa = XCSwiftPackageProductDependency;
			package = 569E155D2BA468E300F54A14 /* XCRemoteSwiftPackageReference "firebase-ios-sdk" */;
			productName = FirebaseFirestore;
		};
		569E15622BA4690500F54A14 /* FirebaseFirestoreSwift */ = {
			isa = XCSwiftPackageProductDependency;
			package = 569E155D2BA468E300F54A14 /* XCRemoteSwiftPackageReference "firebase-ios-sdk" */;
			productName = FirebaseFirestoreSwift;
		};
		569E15662BA469E400F54A14 /* FirebaseAnalytics */ = {
			isa = XCSwiftPackageProductDependency;
			package = 569E155D2BA468E300F54A14 /* XCRemoteSwiftPackageReference "firebase-ios-sdk" */;
			productName = FirebaseAnalytics;
		};
/* End XCSwiftPackageProductDependency section */
	};
	rootObject = 5656CEC52B8B4D14003E0A57 /* Project object */;
}
